// !$*UTF8*$!
{
	archiveVersion = 1;
	classes = {
	};
	objectVersion = 46;
	objects = {

/* Begin PBXBuildFile section */
		15F7102F1E87E35B00CFA2AB /* AppDelegate.swift in Sources */ = {isa = PBXBuildFile; fileRef = 15F7102E1E87E35B00CFA2AB /* AppDelegate.swift */; };
		15F710311E87E35B00CFA2AB /* ViewController.swift in Sources */ = {isa = PBXBuildFile; fileRef = 15F710301E87E35B00CFA2AB /* ViewController.swift */; };
		15F710341E87E35B00CFA2AB /* Main.storyboard in Resources */ = {isa = PBXBuildFile; fileRef = 15F710321E87E35B00CFA2AB /* Main.storyboard */; };
		15F710361E87E35B00CFA2AB /* Assets.xcassets in Resources */ = {isa = PBXBuildFile; fileRef = 15F710351E87E35B00CFA2AB /* Assets.xcassets */; };
		15F710391E87E35B00CFA2AB /* LaunchScreen.storyboard in Resources */ = {isa = PBXBuildFile; fileRef = 15F710371E87E35B00CFA2AB /* LaunchScreen.storyboard */; };
/* End PBXBuildFile section */

/* Begin PBXFileReference section */
		15F7102B1E87E35B00CFA2AB /* Bangla Alphabet.app */ = {isa = PBXFileReference; explicitFileType = wrapper.application; includeInIndex = 0; path = "Bangla Alphabet.app"; sourceTree = BUILT_PRODUCTS_DIR; };
		15F7102E1E87E35B00CFA2AB /* AppDelegate.swift */ = {isa = PBXFileReference; lastKnownFileType = sourcecode.swift; path = AppDelegate.swift; sourceTree = "<group>"; };
		15F710301E87E35B00CFA2AB /* ViewController.swift */ = {isa = PBXFileReference; lastKnownFileType = sourcecode.swift; path = ViewController.swift; sourceTree = "<group>"; };
		15F710331E87E35B00CFA2AB /* Base */ = {isa = PBXFileReference; lastKnownFileType = file.storyboard; name = Base; path = Base.lproj/Main.storyboard; sourceTree = "<group>"; };
		15F710351E87E35B00CFA2AB /* Assets.xcassets */ = {isa = PBXFileReference; lastKnownFileType = folder.assetcatalog; path = Assets.xcassets; sourceTree = "<group>"; };
		15F710381E87E35B00CFA2AB /* Base */ = {isa = PBXFileReference; lastKnownFileType = file.storyboard; name = Base; path = Base.lproj/LaunchScreen.storyboard; sourceTree = "<group>"; };
		15F7103A1E87E35B00CFA2AB /* Info.plist */ = {isa = PBXFileReference; lastKnownFileType = text.plist.xml; path = Info.plist; sourceTree = "<group>"; };
/* End PBXFileReference section */

/* Begin PBXFrameworksBuildPhase section */
		15F710281E87E35A00CFA2AB /* Frameworks */ = {
			isa = PBXFrameworksBuildPhase;
			buildActionMask = 2147483647;
			files = (
			);
			runOnlyForDeploymentPostprocessing = 0;
		};
/* End PBXFrameworksBuildPhase section */

/* Begin PBXGroup section */
		15F710221E87E35A00CFA2AB = {
			isa = PBXGroup;
			children = (
				15F7102D1E87E35B00CFA2AB /* Bangla Alphabet */,
				15F7102C1E87E35B00CFA2AB /* Products */,
			);
			sourceTree = "<group>";
		};
		15F7102C1E87E35B00CFA2AB /* Products */ = {
			isa = PBXGroup;
			children = (
				15F7102B1E87E35B00CFA2AB /* Bangla Alphabet.app */,
			);
			name = Products;
			sourceTree = "<group>";
		};
		15F7102D1E87E35B00CFA2AB /* Bangla Alphabet */ = {
			isa = PBXGroup;
			children = (
				15F7102E1E87E35B00CFA2AB /* AppDelegate.swift */,
				15F710301E87E35B00CFA2AB /* ViewController.swift */,
				15F710321E87E35B00CFA2AB /* Main.storyboard */,
				15F710351E87E35B00CFA2AB /* Assets.xcassets */,
				15F710371E87E35B00CFA2AB /* LaunchScreen.storyboard */,
				15F7103A1E87E35B00CFA2AB /* Info.plist */,
			);
			path = "Bangla Alphabet";
			sourceTree = "<group>";
		};
/* End PBXGroup section */

/* Begin PBXNativeTarget section */
		15F7102A1E87E35A00CFA2AB /* Bangla Alphabet */ = {
			isa = PBXNativeTarget;
			buildConfigurationList = 15F7103D1E87E35B00CFA2AB /* Build configuration list for PBXNativeTarget "Bangla Alphabet" */;
			buildPhases = (
				15F710271E87E35A00CFA2AB /* Sources */,
				15F710281E87E35A00CFA2AB /* Frameworks */,
				15F710291E87E35A00CFA2AB /* Resources */,
			);
			buildRules = (
			);
			dependencies = (
			);
			name = "Bangla Alphabet";
			productName = "Bangla Alphabet";
			productReference = 15F7102B1E87E35B00CFA2AB /* Bangla Alphabet.app */;
			productType = "com.apple.product-type.application";
		};
/* End PBXNativeTarget section */

/* Begin PBXProject section */
		15F710231E87E35A00CFA2AB /* Project object */ = {
			isa = PBXProject;
			attributes = {
				LastSwiftUpdateCheck = 0820;
				LastUpgradeCheck = 0820;
				ORGANIZATIONNAME = "Md AfzaL Hossain";
				TargetAttributes = {
					15F7102A1E87E35A00CFA2AB = {
						CreatedOnToolsVersion = 8.2;
						ProvisioningStyle = Automatic;
					};
				};
			};
			buildConfigurationList = 15F710261E87E35A00CFA2AB /* Build configuration list for PBXProject "Bangla Alphabet" */;
			compatibilityVersion = "Xcode 3.2";
			developmentRegion = English;
			hasScannedForEncodings = 0;
			knownRegions = (
				en,
				Base,
			);
			mainGroup = 15F710221E87E35A00CFA2AB;
			productRefGroup = 15F7102C1E87E35B00CFA2AB /* Products */;
			projectDirPath = "";
			projectRoot = "";
			targets = (
				15F7102A1E87E35A00CFA2AB /* Bangla Alphabet */,
			);
		};
/* End PBXProject section */

/* Begin PBXResourcesBuildPhase section */
		15F710291E87E35A00CFA2AB /* Resources */ = {
			isa = PBXResourcesBuildPhase;
			buildActionMask = 2147483647;
			files = (
				15F710391E87E35B00CFA2AB /* LaunchScreen.storyboard in Resources */,
				15F710361E87E35B00CFA2AB /* Assets.xcassets in Resources */,
				15F710341E87E35B00CFA2AB /* Main.storyboard in Resources */,
			);
			runOnlyForDeploymentPostprocessing = 0;
		};
/* End PBXResourcesBuildPhase section */

/* Begin PBXSourcesBuildPhase section */
		15F710271E87E35A00CFA2AB /* Sources */ = {
			isa = PBXSourcesBuildPhase;
			buildActionMask = 2147483647;
			files = (
				15F710311E87E35B00CFA2AB /* ViewController.swift in Sources */,
				15F7102F1E87E35B00CFA2AB /* AppDelegate.swift in Sources */,
			);
			runOnlyForDeploymentPostprocessing = 0;
		};
/* End PBXSourcesBuildPhase section */

/* Begin PBXVariantGroup section */
		15F710321E87E35B00CFA2AB /* Main.storyboard */ = {
			isa = PBXVariantGroup;
			children = (
				15F710331E87E35B00CFA2AB /* Base */,
			);
			name = Main.storyboard;
			sourceTree = "<group>";
		};
		15F710371E87E35B00CFA2AB /* LaunchScreen.storyboard */ = {
			isa = PBXVariantGroup;
			children = (
				15F710381E87E35B00CFA2AB /* Base */,
			);
			name = LaunchScreen.storyboard;
			sourceTree = "<group>";
		};
/* End PBXVariantGroup section */

/* Begin XCBuildConfiguration section */
		15F7103B1E87E35B00CFA2AB /* Debug */ = {
			isa = XCBuildConfiguration;
			buildSettings = {
				ALWAYS_SEARCH_USER_PATHS = NO;
				CLANG_ANALYZER_NONNULL = YES;
				CLANG_CXX_LANGUAGE_STANDARD = "gnu++0x";
				CLANG_CXX_LIBRARY = "libc++";
				CLANG_ENABLE_MODULES = YES;
				CLANG_ENABLE_OBJC_ARC = YES;
				CLANG_WARN_BOOL_CONVERSION = YES;
				CLANG_WARN_CONSTANT_CONVERSION = YES;
				CLANG_WARN_DIRECT_OBJC_ISA_USAGE = YES_ERROR;
				CLANG_WARN_DOCUMENTATION_COMMENTS = YES;
				CLANG_WARN_EMPTY_BODY = YES;
				CLANG_WARN_ENUM_CONVERSION = YES;
				CLANG_WARN_INFINITE_RECURSION = YES;
				CLANG_WARN_INT_CONVERSION = YES;
				CLANG_WARN_OBJC_ROOT_CLASS = YES_ERROR;
				CLANG_WARN_SUSPICIOUS_MOVE = YES;
				CLANG_WARN_UNREACHABLE_CODE = YES;
				CLANG_WARN__DUPLICATE_METHOD_MATCH = YES;
				"CODE_SIGN_IDENTITY[sdk=iphoneos*]" = "iPhone Developer";
				COPY_PHASE_STRIP = NO;
				DEBUG_INFORMATION_FORMAT = dwarf;
				ENABLE_STRICT_OBJC_MSGSEND = YES;
				ENABLE_TESTABILITY = YES;
				GCC_C_LANGUAGE_STANDARD = gnu99;
				GCC_DYNAMIC_NO_PIC = NO;
				GCC_NO_COMMON_BLOCKS = YES;
				GCC_OPTIMIZATION_LEVEL = 0;
				GCC_PREPROCESSOR_DEFINITIONS = (
					"DEBUG=1",
					"$(inherited)",
				);
				GCC_WARN_64_TO_32_BIT_CONVERSION = YES;
				GCC_WARN_ABOUT_RETURN_TYPE = YES_ERROR;
				GCC_WARN_UNDECLARED_SELECTOR = YES;
				GCC_WARN_UNINITIALIZED_AUTOS = YES_AGGRESSIVE;
				GCC_WARN_UNUSED_FUNCTION = YES;
				GCC_WARN_UNUSED_VARIABLE = YES;
				IPHONEOS_DEPLOYMENT_TARGET = 10.2;
				MTL_ENABLE_DEBUG_INFO = YES;
				ONLY_ACTIVE_ARCH = YES;
				SDKROOT = iphoneos;
				SWIFT_ACTIVE_COMPILATION_CONDITIONS = DEBUG;
				SWIFT_OPTIMIZATION_LEVEL = "-Onone";
			};
			name = Debug;
		};
		15F7103C1E87E35B00CFA2AB /* Release */ = {
			isa = XCBuildConfiguration;
			buildSettings = {
				ALWAYS_SEARCH_USER_PATHS = NO;
				CLANG_ANALYZER_NONNULL = YES;
				CLANG_CXX_LANGUAGE_STANDARD = "gnu++0x";
				CLANG_CXX_LIBRARY = "libc++";
				CLANG_ENABLE_MODULES = YES;
				CLANG_ENABLE_OBJC_ARC = YES;
				CLANG_WARN_BOOL_CONVERSION = YES;
				CLANG_WARN_CONSTANT_CONVERSION = YES;
				CLANG_WARN_DIRECT_OBJC_ISA_USAGE = YES_ERROR;
				CLANG_WARN_DOCUMENTATION_COMMENTS = YES;
				CLANG_WARN_EMPTY_BODY = YES;
				CLANG_WARN_ENUM_CONVERSION = YES;
				CLANG_WARN_INFINITE_RECURSION = YES;
				CLANG_WARN_INT_CONVERSION = YES;
				CLANG_WARN_OBJC_ROOT_CLASS = YES_ERROR;
				CLANG_WARN_SUSPICIOUS_MOVE = YES;
				CLANG_WARN_UNREACHABLE_CODE = YES;
				CLANG_WARN__DUPLICATE_METHOD_MATCH = YES;
				"CODE_SIGN_IDENTITY[sdk=iphoneos*]" = "iPhone Developer";
				COPY_PHASE_STRIP = NO;
				DEBUG_INFORMATION_FORMAT = "dwarf-with-dsym";
				ENABLE_NS_ASSERTIONS = NO;
				ENABLE_STRICT_OBJC_MSGSEND = YES;
				GCC_C_LANGUAGE_STANDARD = gnu99;
				GCC_NO_COMMON_BLOCKS = YES;
				GCC_WARN_64_TO_32_BIT_CONVERSION = YES;
				GCC_WARN_ABOUT_RETURN_TYPE = YES_ERROR;
				GCC_WARN_UNDECLARED_SELECTOR = YES;
				GCC_WARN_UNINITIALIZED_AUTOS = YES_AGGRESSIVE;
				GCC_WARN_UNUSED_FUNCTION = YES;
				GCC_WARN_UNUSED_VARIABLE = YES;
				IPHONEOS_DEPLOYMENT_TARGET = 10.2;
				MTL_ENABLE_DEBUG_INFO = NO;
				SDKROOT = iphoneos;
				SWIFT_OPTIMIZATION_LEVEL = "-Owholemodule";
				VALIDATE_PRODUCT = YES;
			};
			name = Release;
		};
		15F7103E1E87E35B00CFA2AB /* Debug */ = {
			isa = XCBuildConfiguration;
			buildSettings = {
				ASSETCATALOG_COMPILER_APPICON_NAME = AppIcon;
				INFOPLIST_FILE = "Bangla Alphabet/Info.plist";
				LD_RUNPATH_SEARCH_PATHS = "$(inherited) @executable_path/Frameworks";
				PRODUCT_BUNDLE_IDENTIFIER = "BrownFish.Bangla-Alphabet";
				PRODUCT_NAME = "$(TARGET_NAME)";
				SWIFT_VERSION = 3.0;
			};
			name = Debug;
		};
		15F7103F1E87E35B00CFA2AB /* Release */ = {
			isa = XCBuildConfiguration;
			buildSettings = {
				ASSETCATALOG_COMPILER_APPICON_NAME = AppIcon;
				INFOPLIST_FILE = "Bangla Alphabet/Info.plist";
				LD_RUNPATH_SEARCH_PATHS = "$(inherited) @executable_path/Frameworks";
				PRODUCT_BUNDLE_IDENTIFIER = "BrownFish.Bangla-Alphabet";
				PRODUCT_NAME = "$(TARGET_NAME)";
				SWIFT_VERSION = 3.0;
			};
			name = Release;
		};
/* End XCBuildConfiguration section */

/* Begin XCConfigurationList section */
		15F710261E87E35A00CFA2AB /* Build configuration list for PBXProject "Bangla Alphabet" */ = {
			isa = XCConfigurationList;
			buildConfigurations = (
				15F7103B1E87E35B00CFA2AB /* Debug */,
				15F7103C1E87E35B00CFA2AB /* Release */,
			);
			defaultConfigurationIsVisible = 0;
			defaultConfigurationName = Release;
		};
		15F7103D1E87E35B00CFA2AB /* Build configuration list for PBXNativeTarget "Bangla Alphabet" */ = {
			isa = XCConfigurationList;
			buildConfigurations = (
				15F7103E1E87E35B00CFA2AB /* Debug */,
				15F7103F1E87E35B00CFA2AB /* Release */,
			);
			defaultConfigurationIsVisible = 0;
		};
/* End XCConfigurationList section */
	};
	rootObject = 15F710231E87E35A00CFA2AB /* Project object */;
}
